Microsoft Visual Studio Solution File, Format Version 12.00
# Visual Studio 14
Project("{8BC9CEB8-8B4A-11D0-8D11-00A0C91BC942}") = "ALL_BUILD", "ALL_BUILD.vcxproj", "{9B9A9142-447F-3E60-A20A-5BD64BFC852D}"
	ProjectSection(ProjectDependencies) = postProject
		{369422E3-2F8B-3708-BC0A-8873A580155F} = {369422E3-2F8B-3708-BC0A-8873A580155F}
		{B801BC74-0A1A-333D-B3B4-D5D7FFA72E28} = {B801BC74-0A1A-333D-B3B4-D5D7FFA72E28}
		{1EF9EA36-FE5B-34A7-893D-E159358142A4} = {1EF9EA36-FE5B-34A7-893D-E159358142A4}
		{74A33304-D973-3C5E-BD5C-638EA5814F36} = {74A33304-D973-3C5E-BD5C-638EA5814F36}
		{7E4FB4EB-B3D9-3B69-836C-B4FFB8F5B43B} = {7E4FB4EB-B3D9-3B69-836C-B4FFB8F5B43B}
		{E39E4D0E-3300-36AE-9CA2-DB2A3D54E46B} = {E39E4D0E-3300-36AE-9CA2-DB2A3D54E46B}
		{99AF5233-1F57-3016-A292-267ECC53752D} = {99AF5233-1F57-3016-A292-267ECC53752D}
		{6EF1F94F-0787-3C66-B816-DA2584205F9B} = {6EF1F94F-0787-3C66-B816-DA2584205F9B}
		{C52891B3-AABF-3CC7-AC8D-9D74EFB49030} = {C52891B3-AABF-3CC7-AC8D-9D74EFB49030}
	EndProjectSection
EndProject
Project("{8BC9CEB8-8B4A-11D0-8D11-00A0C91BC942}") = "SDL2-static", "extern\sdl\SDL2-static.vcxproj", "{369422E3-2F8B-3708-BC0A-8873A580155F}"
	ProjectSection(ProjectDependencies) = postProject
		{1EF9EA36-FE5B-34A7-893D-E159358142A4} = {1EF9EA36-FE5B-34A7-893D-E159358142A4}
	EndProjectSection
EndProject
Project("{8BC9CEB8-8B4A-11D0-8D11-00A0C91BC942}") = "SDL2main", "extern\sdl\SDL2main.vcxproj", "{B801BC74-0A1A-333D-B3B4-D5D7FFA72E28}"
	ProjectSection(ProjectDependencies) = postProject
		{1EF9EA36-FE5B-34A7-893D-E159358142A4} = {1EF9EA36-FE5B-34A7-893D-E159358142A4}
	EndProjectSection
EndProject
Project("{8BC9CEB8-8B4A-11D0-8D11-00A0C91BC942}") = "ZERO_CHECK", "ZERO_CHECK.vcxproj", "{1EF9EA36-FE5B-34A7-893D-E159358142A4}"
	ProjectSection(ProjectDependencies) = postProject
	EndProjectSection
EndProject
Project("{8BC9CEB8-8B4A-11D0-8D11-00A0C91BC942}") = "anttweakbar", "extern\anttweakbar\anttweakbar.vcxproj", "{74A33304-D973-3C5E-BD5C-638EA5814F36}"
	ProjectSection(ProjectDependencies) = postProject
		{1EF9EA36-FE5B-34A7-893D-E159358142A4} = {1EF9EA36-FE5B-34A7-893D-E159358142A4}
	EndProjectSection
EndProject
Project("{8BC9CEB8-8B4A-11D0-8D11-00A0C91BC942}") = "embed_resource", "extern\embed_resource\embed_resource.vcxproj", "{7E4FB4EB-B3D9-3B69-836C-B4FFB8F5B43B}"
	ProjectSection(ProjectDependencies) = postProject
		{1EF9EA36-FE5B-34A7-893D-E159358142A4} = {1EF9EA36-FE5B-34A7-893D-E159358142A4}
	EndProjectSection
EndProject
Project("{8BC9CEB8-8B4A-11D0-8D11-00A0C91BC942}") = "example", "example\example.vcxproj", "{E39E4D0E-3300-36AE-9CA2-DB2A3D54E46B}"
	ProjectSection(ProjectDependencies) = postProject
		{369422E3-2F8B-3708-BC0A-8873A580155F} = {369422E3-2F8B-3708-BC0A-8873A580155F}
		{B801BC74-0A1A-333D-B3B4-D5D7FFA72E28} = {B801BC74-0A1A-333D-B3B4-D5D7FFA72E28}
		{1EF9EA36-FE5B-34A7-893D-E159358142A4} = {1EF9EA36-FE5B-34A7-893D-E159358142A4}
		{74A33304-D973-3C5E-BD5C-638EA5814F36} = {74A33304-D973-3C5E-BD5C-638EA5814F36}
		{99AF5233-1F57-3016-A292-267ECC53752D} = {99AF5233-1F57-3016-A292-267ECC53752D}
		{6EF1F94F-0787-3C66-B816-DA2584205F9B} = {6EF1F94F-0787-3C66-B816-DA2584205F9B}
		{C52891B3-AABF-3CC7-AC8D-9D74EFB49030} = {C52891B3-AABF-3CC7-AC8D-9D74EFB49030}
	EndProjectSection
EndProject
Project("{8BC9CEB8-8B4A-11D0-8D11-00A0C91BC942}") = "glew", "extern\glew\glew.vcxproj", "{99AF5233-1F57-3016-A292-267ECC53752D}"
	ProjectSection(ProjectDependencies) = postProject
		{1EF9EA36-FE5B-34A7-893D-E159358142A4} = {1EF9EA36-FE5B-34A7-893D-E159358142A4}
	EndProjectSection
EndProject
Project("{8BC9CEB8-8B4A-11D0-8D11-00A0C91BC942}") = "glviz", "glviz\glviz.vcxproj", "{6EF1F94F-0787-3C66-B816-DA2584205F9B}"
	ProjectSection(ProjectDependencies) = postProject
		{369422E3-2F8B-3708-BC0A-8873A580155F} = {369422E3-2F8B-3708-BC0A-8873A580155F}
		{B801BC74-0A1A-333D-B3B4-D5D7FFA72E28} = {B801BC74-0A1A-333D-B3B4-D5D7FFA72E28}
		{1EF9EA36-FE5B-34A7-893D-E159358142A4} = {1EF9EA36-FE5B-34A7-893D-E159358142A4}
		{74A33304-D973-3C5E-BD5C-638EA5814F36} = {74A33304-D973-3C5E-BD5C-638EA5814F36}
		{99AF5233-1F57-3016-A292-267ECC53752D} = {99AF5233-1F57-3016-A292-267ECC53752D}
		{C52891B3-AABF-3CC7-AC8D-9D74EFB49030} = {C52891B3-AABF-3CC7-AC8D-9D74EFB49030}
	EndProjectSection
EndProject
Project("{8BC9CEB8-8B4A-11D0-8D11-00A0C91BC942}") = "shader", "glviz\shader.vcxproj", "{C52891B3-AABF-3CC7-AC8D-9D74EFB49030}"
	ProjectSection(ProjectDependencies) = postProject
		{1EF9EA36-FE5B-34A7-893D-E159358142A4} = {1EF9EA36-FE5B-34A7-893D-E159358142A4}
		{7E4FB4EB-B3D9-3B69-836C-B4FFB8F5B43B} = {7E4FB4EB-B3D9-3B69-836C-B4FFB8F5B43B}
	EndProjectSection
EndProject
Project("{2150E333-8FDC-42A3-9474-1A3956D46DE8}") = "CMakePredefinedTargets", "CMakePredefinedTargets", "{9ECB612F-ADCE-35F7-8B15-48741131C86F}"
EndProject
Project("{2150E333-8FDC-42A3-9474-1A3956D46DE8}") = "External Dependencies", "External Dependencies", "{6D912EE8-A36B-37BA-81B0-638954A04893}"
EndProject
Global
	GlobalSection(SolutionConfigurationPlatforms) = preSolution
		Debug|x64 = Debug|x64
		Release|x64 = Release|x64
		MinSizeRel|x64 = MinSizeRel|x64
		RelWithDebInfo|x64 = RelWithDebInfo|x64
	EndGlobalSection
	GlobalSection(ProjectConfigurationPlatforms) = postSolution
		{9B9A9142-447F-3E60-A20A-5BD64BFC852D}.Debug|x64.ActiveCfg = Debug|x64
		{9B9A9142-447F-3E60-A20A-5BD64BFC852D}.Release|x64.ActiveCfg = Release|x64
		{9B9A9142-447F-3E60-A20A-5BD64BFC852D}.MinSizeRel|x64.ActiveCfg = MinSizeRel|x64
		{9B9A9142-447F-3E60-A20A-5BD64BFC852D}.RelWithDebInfo|x64.ActiveCfg = RelWithDebInfo|x64
		{369422E3-2F8B-3708-BC0A-8873A580155F}.Debug|x64.ActiveCfg = Debug|x64
		{369422E3-2F8B-3708-BC0A-8873A580155F}.Debug|x64.Build.0 = Debug|x64
		{369422E3-2F8B-3708-BC0A-8873A580155F}.Release|x64.ActiveCfg = Release|x64
		{369422E3-2F8B-3708-BC0A-8873A580155F}.Release|x64.Build.0 = Release|x64
		{369422E3-2F8B-3708-BC0A-8873A580155F}.MinSizeRel|x64.ActiveCfg = MinSizeRel|x64
		{369422E3-2F8B-3708-BC0A-8873A580155F}.MinSizeRel|x64.Build.0 = MinSizeRel|x64
		{369422E3-2F8B-3708-BC0A-8873A580155F}.RelWithDebInfo|x64.ActiveCfg = RelWithDebInfo|x64
		{369422E3-2F8B-3708-BC0A-8873A580155F}.RelWithDebInfo|x64.Build.0 = RelWithDebInfo|x64
		{B801BC74-0A1A-333D-B3B4-D5D7FFA72E28}.Debug|x64.ActiveCfg = Debug|x64
		{B801BC74-0A1A-333D-B3B4-D5D7FFA72E28}.Debug|x64.Build.0 = Debug|x64
		{B801BC74-0A1A-333D-B3B4-D5D7FFA72E28}.Release|x64.ActiveCfg = Release|x64
		{B801BC74-0A1A-333D-B3B4-D5D7FFA72E28}.Release|x64.Build.0 = Release|x64
		{B801BC74-0A1A-333D-B3B4-D5D7FFA72E28}.MinSizeRel|x64.ActiveCfg = MinSizeRel|x64
		{B801BC74-0A1A-333D-B3B4-D5D7FFA72E28}.MinSizeRel|x64.Build.0 = MinSizeRel|x64
		{B801BC74-0A1A-333D-B3B4-D5D7FFA72E28}.RelWithDebInfo|x64.ActiveCfg = RelWithDebInfo|x64
		{B801BC74-0A1A-333D-B3B4-D5D7FFA72E28}.RelWithDebInfo|x64.Build.0 = RelWithDebInfo|x64
		{1EF9EA36-FE5B-34A7-893D-E159358142A4}.Debug|x64.ActiveCfg = Debug|x64
		{1EF9EA36-FE5B-34A7-893D-E159358142A4}.Debug|x64.Build.0 = Debug|x64
		{1EF9EA36-FE5B-34A7-893D-E159358142A4}.Release|x64.ActiveCfg = Release|x64
		{1EF9EA36-FE5B-34A7-893D-E159358142A4}.Release|x64.Build.0 = Release|x64
		{1EF9EA36-FE5B-34A7-893D-E159358142A4}.MinSizeRel|x64.ActiveCfg = MinSizeRel|x64
		{1EF9EA36-FE5B-34A7-893D-E159358142A4}.MinSizeRel|x64.Build.0 = MinSizeRel|x64
		{1EF9EA36-FE5B-34A7-893D-E159358142A4}.RelWithDebInfo|x64.ActiveCfg = RelWithDebInfo|x64
		{1EF9EA36-FE5B-34A7-893D-E159358142A4}.RelWithDebInfo|x64.Build.0 = RelWithDebInfo|x64
		{74A33304-D973-3C5E-BD5C-638EA5814F36}.Debug|x64.ActiveCfg = Debug|x64
		{74A33304-D973-3C5E-BD5C-638EA5814F36}.Debug|x64.Build.0 = Debug|x64
		{74A33304-D973-3C5E-BD5C-638EA5814F36}.Release|x64.ActiveCfg = Release|x64
		{74A33304-D973-3C5E-BD5C-638EA5814F36}.Release|x64.Build.0 = Release|x64
		{74A33304-D973-3C5E-BD5C-638EA5814F36}.MinSizeRel|x64.ActiveCfg = MinSizeRel|x64
		{74A33304-D973-3C5E-BD5C-638EA5814F36}.MinSizeRel|x64.Build.0 = MinSizeRel|x64
		{74A33304-D973-3C5E-BD5C-638EA5814F36}.RelWithDebInfo|x64.ActiveCfg = RelWithDebInfo|x64
		{74A33304-D973-3C5E-BD5C-638EA5814F36}.RelWithDebInfo|x64.Build.0 = RelWithDebInfo|x64
		{7E4FB4EB-B3D9-3B69-836C-B4FFB8F5B43B}.Debug|x64.ActiveCfg = Debug|x64
		{7E4FB4EB-B3D9-3B69-836C-B4FFB8F5B43B}.Debug|x64.Build.0 = Debug|x64
		{7E4FB4EB-B3D9-3B69-836C-B4FFB8F5B43B}.Release|x64.ActiveCfg = Release|x64
		{7E4FB4EB-B3D9-3B69-836C-B4FFB8F5B43B}.Release|x64.Build.0 = Release|x64
		{7E4FB4EB-B3D9-3B69-836C-B4FFB8F5B43B}.MinSizeRel|x64.ActiveCfg = MinSizeRel|x64
		{7E4FB4EB-B3D9-3B69-836C-B4FFB8F5B43B}.MinSizeRel|x64.Build.0 = MinSizeRel|x64
		{7E4FB4EB-B3D9-3B69-836C-B4FFB8F5B43B}.RelWithDebInfo|x64.ActiveCfg = RelWithDebInfo|x64
		{7E4FB4EB-B3D9-3B69-836C-B4FFB8F5B43B}.RelWithDebInfo|x64.Build.0 = RelWithDebInfo|x64
		{E39E4D0E-3300-36AE-9CA2-DB2A3D54E46B}.Debug|x64.ActiveCfg = Debug|x64
		{E39E4D0E-3300-36AE-9CA2-DB2A3D54E46B}.Debug|x64.Build.0 = Debug|x64
		{E39E4D0E-3300-36AE-9CA2-DB2A3D54E46B}.Release|x64.ActiveCfg = Release|x64
		{E39E4D0E-3300-36AE-9CA2-DB2A3D54E46B}.Release|x64.Build.0 = Release|x64
		{E39E4D0E-3300-36AE-9CA2-DB2A3D54E46B}.MinSizeRel|x64.ActiveCfg = MinSizeRel|x64
		{E39E4D0E-3300-36AE-9CA2-DB2A3D54E46B}.MinSizeRel|x64.Build.0 = MinSizeRel|x64
		{E39E4D0E-3300-36AE-9CA2-DB2A3D54E46B}.RelWithDebInfo|x64.ActiveCfg = RelWithDebInfo|x64
		{E39E4D0E-3300-36AE-9CA2-DB2A3D54E46B}.RelWithDebInfo|x64.Build.0 = RelWithDebInfo|x64
		{99AF5233-1F57-3016-A292-267ECC53752D}.Debug|x64.ActiveCfg = Debug|x64
		{99AF5233-1F57-3016-A292-267ECC53752D}.Debug|x64.Build.0 = Debug|x64
		{99AF5233-1F57-3016-A292-267ECC53752D}.Release|x64.ActiveCfg = Release|x64
		{99AF5233-1F57-3016-A292-267ECC53752D}.Release|x64.Build.0 = Release|x64
		{99AF5233-1F57-3016-A292-267ECC53752D}.MinSizeRel|x64.ActiveCfg = MinSizeRel|x64
		{99AF5233-1F57-3016-A292-267ECC53752D}.MinSizeRel|x64.Build.0 = MinSizeRel|x64
		{99AF5233-1F57-3016-A292-267ECC53752D}.RelWithDebInfo|x64.ActiveCfg = RelWithDebInfo|x64
		{99AF5233-1F57-3016-A292-267ECC53752D}.RelWithDebInfo|x64.Build.0 = RelWithDebInfo|x64
		{6EF1F94F-0787-3C66-B816-DA2584205F9B}.Debug|x64.ActiveCfg = Debug|x64
		{6EF1F94F-0787-3C66-B816-DA2584205F9B}.Debug|x64.Build.0 = Debug|x64
		{6EF1F94F-0787-3C66-B816-DA2584205F9B}.Release|x64.ActiveCfg = Release|x64
		{6EF1F94F-0787-3C66-B816-DA2584205F9B}.Release|x64.Build.0 = Release|x64
		{6EF1F94F-0787-3C66-B816-DA2584205F9B}.MinSizeRel|x64.ActiveCfg = MinSizeRel|x64
		{6EF1F94F-0787-3C66-B816-DA2584205F9B}.MinSizeRel|x64.Build.0 = MinSizeRel|x64
		{6EF1F94F-0787-3C66-B816-DA2584205F9B}.RelWithDebInfo|x64.ActiveCfg = RelWithDebInfo|x64
		{6EF1F94F-0787-3C66-B816-DA2584205F9B}.RelWithDebInfo|x64.Build.0 = RelWithDebInfo|x64
		{C52891B3-AABF-3CC7-AC8D-9D74EFB49030}.Debug|x64.ActiveCfg = Debug|x64
		{C52891B3-AABF-3CC7-AC8D-9D74EFB49030}.Debug|x64.Build.0 = Debug|x64
		{C52891B3-AABF-3CC7-AC8D-9D74EFB49030}.Release|x64.ActiveCfg = Release|x64
		{C52891B3-AABF-3CC7-AC8D-9D74EFB49030}.Release|x64.Build.0 = Release|x64
		{C52891B3-AABF-3CC7-AC8D-9D74EFB49030}.MinSizeRel|x64.ActiveCfg = MinSizeRel|x64
		{C52891B3-AABF-3CC7-AC8D-9D74EFB49030}.MinSizeRel|x64.Build.0 = MinSizeRel|x64
		{C52891B3-AABF-3CC7-AC8D-9D74EFB49030}.RelWithDebInfo|x64.ActiveCfg = RelWithDebInfo|x64
		{C52891B3-AABF-3CC7-AC8D-9D74EFB49030}.RelWithDebInfo|x64.Build.0 = RelWithDebInfo|x64
	EndGlobalSection
	GlobalSection(NestedProjects) = preSolution
		{1EF9EA36-FE5B-34A7-893D-E159358142A4} = {9ECB612F-ADCE-35F7-8B15-48741131C86F}
		{369422E3-2F8B-3708-BC0A-8873A580155F} = {6D912EE8-A36B-37BA-81B0-638954A04893}
		{B801BC74-0A1A-333D-B3B4-D5D7FFA72E28} = {6D912EE8-A36B-37BA-81B0-638954A04893}
		{74A33304-D973-3C5E-BD5C-638EA5814F36} = {6D912EE8-A36B-37BA-81B0-638954A04893}
		{7E4FB4EB-B3D9-3B69-836C-B4FFB8F5B43B} = {6D912EE8-A36B-37BA-81B0-638954A04893}
		{99AF5233-1F57-3016-A292-267ECC53752D} = {6D912EE8-A36B-37BA-81B0-638954A04893}
	EndGlobalSection
	GlobalSection(ExtensibilityGlobals) = postSolution
	EndGlobalSection
	GlobalSection(ExtensibilityAddIns) = postSolution
	EndGlobalSection
EndGlobal
